
Microsoft Visual Studio Solution File, Format Version 12.00
# Visual Studio Version 17
VisualStudioVersion = 17.10.35013.160
MinimumVisualStudioVersion = 10.0.40219.1
Project("{9A19103F-16F7-4668-BE54-9A1E7A4F7556}") = "Currency", "Currency.csproj", "{A413FF47-2CD6-4434-9DF4-03D03E2F43F6}"
EndProject
Project("{FAE04EC0-301F-11D3-BF4B-00C04F79EFBC}") = "ExcuteRawSql", "..\ExcuteRawSql\ExcuteRawSql.csproj", "{FDC2A0A4-E131-43C0-89A0-E310E7C8F427}"
EndProject
Project("{FAE04EC0-301F-11D3-BF4B-00C04F79EFBC}") = "InserRawSql", "..\InsertEwaSql\InserRawSql.csproj", "{045F9628-B4F1-4117-8971-E9D9CF5F07E1}"
EndProject
Global
	GlobalSection(SolutionConfigurationPlatforms) = preSolution
		Debug|Any CPU = Debug|Any CPU
		Release|Any CPU = Release|Any CPU
	EndGlobalSection
	GlobalSection(ProjectConfigurationPlatforms) = postSolution
		{A413FF47-2CD6-4434-9DF4-03D03E2F43F6}.Debug|Any CPU.ActiveCfg = Debug|Any CPU
		{A413FF47-2CD6-4434-9DF4-03D03E2F43F6}.Debug|Any CPU.Build.0 = Debug|Any CPU
		{A413FF47-2CD6-4434-9DF4-03D03E2F43F6}.Release|Any CPU.ActiveCfg = Release|Any CPU
		{A413FF47-2CD6-4434-9DF4-03D03E2F43F6}.Release|Any CPU.Build.0 = Release|Any CPU
		{FDC2A0A4-E131-43C0-89A0-E310E7C8F427}.Debug|Any CPU.ActiveCfg = Debug|Any CPU
		{FDC2A0A4-E131-43C0-89A0-E310E7C8F427}.Debug|Any CPU.Build.0 = Debug|Any CPU
		{FDC2A0A4-E131-43C0-89A0-E310E7C8F427}.Release|Any CPU.ActiveCfg = Release|Any CPU
		{FDC2A0A4-E131-43C0-89A0-E310E7C8F427}.Release|Any CPU.Build.0 = Release|Any CPU
		{045F9628-B4F1-4117-8971-E9D9CF5F07E1}.Debug|Any CPU.ActiveCfg = Debug|Any CPU
		{045F9628-B4F1-4117-8971-E9D9CF5F07E1}.Debug|Any CPU.Build.0 = Debug|Any CPU
		{045F9628-B4F1-4117-8971-E9D9CF5F07E1}.Release|Any CPU.ActiveCfg = Release|Any CPU
		{045F9628-B4F1-4117-8971-E9D9CF5F07E1}.Release|Any CPU.Build.0 = Release|Any CPU
	EndGlobalSection
	GlobalSection(SolutionProperties) = preSolution
		HideSolutionNode = FALSE
	EndGlobalSection
	GlobalSection(ExtensibilityGlobals) = postSolution
		SolutionGuid = {3ABC508F-6B0C-4E94-8048-1C9C10C50D17}
	EndGlobalSection
EndGlobal
